
Microsoft Visual Studio Solution File, Format Version 12.00
# Visual Studio Version 17
VisualStudioVersion = 17.7.34031.279
MinimumVisualStudioVersion = 10.0.40219.1
Project("{9A19103F-16F7-4668-BE54-9A1E7A4F7556}") = "DigitalIndoorAPI", "DigitalIndoor\DigitalIndoorAPI.csproj", "{B4D19616-3593-4D1B-B513-D5535FAE6F34}"
EndProject
Global
	GlobalSection(SolutionConfigurationPlatforms) = preSolution
		Debug|Any CPU = Debug|Any CPU
		Release|Any CPU = Release|Any CPU
	EndGlobalSection
	GlobalSection(ProjectConfigurationPlatforms) = postSolution
		{B4D19616-3593-4D1B-B513-D5535FAE6F34}.Debug|Any CPU.ActiveCfg = Debug|Any CPU
		{B4D19616-3593-4D1B-B513-D5535FAE6F34}.Debug|Any CPU.Build.0 = Debug|Any CPU
		{B4D19616-3593-4D1B-B513-D5535FAE6F34}.Release|Any CPU.ActiveCfg = Release|Any CPU
		{B4D19616-3593-4D1B-B513-D5535FAE6F34}.Release|Any CPU.Build.0 = Release|Any CPU
	EndGlobalSection
	GlobalSection(SolutionProperties) = preSolution
		HideSolutionNode = FALSE
	EndGlobalSection
	GlobalSection(ExtensibilityGlobals) = postSolution
		SolutionGuid = {82356DC1-E42A-4FF0-912D-517D2A207051}
	EndGlobalSection
EndGlobal
